// !$*UTF8*$!
{
	archiveVersion = 1;
	classes = {
	};
	objectVersion = 77;
	objects = {

/* Begin PBXContainerItemProxy section */
		BE2A21222CDAE5F100E729E7 /* PBXContainerItemProxy */ = {
			isa = PBXContainerItemProxy;
			containerPortal = BE2A21092CDAE5F000E729E7 /* Project object */;
			proxyType = 1;
			remoteGlobalIDString = BE2A21102CDAE5F000E729E7;
			remoteInfo = test_app_live;
		};
		BE2A212C2CDAE5F100E729E7 /* PBXContainerItemProxy */ = {
			isa = PBXContainerItemProxy;
			containerPortal = BE2A21092CDAE5F000E729E7 /* Project object */;
			proxyType = 1;
			remoteGlobalIDString = BE2A21102CDAE5F000E729E7;
			remoteInfo = test_app_live;
		};
/* End PBXContainerItemProxy section */

/* Begin PBXFileReference section */
		BE2A21112CDAE5F000E729E7 /* test_app_live.app */ = {isa = PBXFileReference; explicitFileType = wrapper.application; includeInIndex = 0; path = test_app_live.app; sourceTree = BUILT_PRODUCTS_DIR; };
		BE2A21212CDAE5F100E729E7 /* test_app_liveTests.xctest */ = {isa = PBXFileReference; explicitFileType = wrapper.cfbundle; includeInIndex = 0; path = test_app_liveTests.xctest; sourceTree = BUILT_PRODUCTS_DIR; };
		BE2A212B2CDAE5F100E729E7 /* test_app_liveUITests.xctest */ = {isa = PBXFileReference; explicitFileType = wrapper.cfbundle; includeInIndex = 0; path = test_app_liveUITests.xctest; sourceTree = BUILT_PRODUCTS_DIR; };
/* End PBXFileReference section */

/* Begin PBXFileSystemSynchronizedRootGroup section */
		BE2A21132CDAE5F000E729E7 /* test_app_live */ = {
			isa = PBXFileSystemSynchronizedRootGroup;
			path = test_app_live;
			sourceTree = "<group>";
		};
		BE2A21242CDAE5F100E729E7 /* test_app_liveTests */ = {
			isa = PBXFileSystemSynchronizedRootGroup;
			path = test_app_liveTests;
			sourceTree = "<group>";
		};
		BE2A212E2CDAE5F100E729E7 /* test_app_liveUITests */ = {
			isa = PBXFileSystemSynchronizedRootGroup;
			path = test_app_liveUITests;
			sourceTree = "<group>";
		};
/* End PBXFileSystemSynchronizedRootGroup section */

/* Begin PBXFrameworksBuildPhase section */
		BE2A210E2CDAE5F000E729E7 /* Frameworks */ = {
			isa = PBXFrameworksBuildPhase;
			buildActionMask = 2147483647;
			files = (
			);
			runOnlyForDeploymentPostprocessing = 0;
		};
		BE2A211E2CDAE5F100E729E7 /* Frameworks */ = {
			isa = PBXFrameworksBuildPhase;
			buildActionMask = 2147483647;
			files = (
			);
			runOnlyForDeploymentPostprocessing = 0;
		};
		BE2A21282CDAE5F100E729E7 /* Frameworks */ = {
			isa = PBXFrameworksBuildPhase;
			buildActionMask = 2147483647;
			files = (
			);
			runOnlyForDeploymentPostprocessing = 0;
		};
/* End PBXFrameworksBuildPhase section */

/* Begin PBXGroup section */
		BE2A21082CDAE5F000E729E7 = {
			isa = PBXGroup;
			children = (
				BE2A21132CDAE5F000E729E7 /* test_app_live */,
				BE2A21242CDAE5F100E729E7 /* test_app_liveTests */,
				BE2A212E2CDAE5F100E729E7 /* test_app_liveUITests */,
				BE2A21122CDAE5F000E729E7 /* Products */,
			);
			sourceTree = "<group>";
		};
		BE2A21122CDAE5F000E729E7 /* Products */ = {
			isa = PBXGroup;
			children = (
				BE2A21112CDAE5F000E729E7 /* test_app_live.app */,
				BE2A21212CDAE5F100E729E7 /* test_app_liveTests.xctest */,
				BE2A212B2CDAE5F100E729E7 /* test_app_liveUITests.xctest */,
			);
			name = Products;
			sourceTree = "<group>";
		};
/* End PBXGroup section */

/* Begin PBXNativeTarget section */
		BE2A21102CDAE5F000E729E7 /* test_app_live */ = {
			isa = PBXNativeTarget;
			buildConfigurationList = BE2A21352CDAE5F100E729E7 /* Build configuration list for PBXNativeTarget "test_app_live" */;
			buildPhases = (
				BE2A210D2CDAE5F000E729E7 /* Sources */,
				BE2A210E2CDAE5F000E729E7 /* Frameworks */,
				BE2A210F2CDAE5F000E729E7 /* Resources */,
			);
			buildRules = (
			);
			dependencies = (
			);
			fileSystemSynchronizedGroups = (
				BE2A21132CDAE5F000E729E7 /* test_app_live */,
			);
			name = test_app_live;
			packageProductDependencies = (
			);
			productName = test_app_live;
			productReference = BE2A21112CDAE5F000E729E7 /* test_app_live.app */;
			productType = "com.apple.product-type.application";
		};
		BE2A21202CDAE5F100E729E7 /* test_app_liveTests */ = {
			isa = PBXNativeTarget;
			buildConfigurationList = BE2A21382CDAE5F100E729E7 /* Build configuration list for PBXNativeTarget "test_app_liveTests" */;
			buildPhases = (
				BE2A211D2CDAE5F100E729E7 /* Sources */,
				BE2A211E2CDAE5F100E729E7 /* Frameworks */,
				BE2A211F2CDAE5F100E729E7 /* Resources */,
			);
			buildRules = (
			);
			dependencies = (
				BE2A21232CDAE5F100E729E7 /* PBXTargetDependency */,
			);
			fileSystemSynchronizedGroups = (
				BE2A21242CDAE5F100E729E7 /* test_app_liveTests */,
			);
			name = test_app_liveTests;
			packageProductDependencies = (
			);
			productName = test_app_liveTests;
			productReference = BE2A21212CDAE5F100E729E7 /* test_app_liveTests.xctest */;
			productType = "com.apple.product-type.bundle.unit-test";
		};
		BE2A212A2CDAE5F100E729E7 /* test_app_liveUITests */ = {
			isa = PBXNativeTarget;
			buildConfigurationList = BE2A213B2CDAE5F100E729E7 /* Build configuration list for PBXNativeTarget "test_app_liveUITests" */;
			buildPhases = (
				BE2A21272CDAE5F100E729E7 /* Sources */,
				BE2A21282CDAE5F100E729E7 /* Frameworks */,
				BE2A21292CDAE5F100E729E7 /* Resources */,
			);
			buildRules = (
			);
			dependencies = (
				BE2A212D2CDAE5F100E729E7 /* PBXTargetDependency */,
			);
			fileSystemSynchronizedGroups = (
				BE2A212E2CDAE5F100E729E7 /* test_app_liveUITests */,
			);
			name = test_app_liveUITests;
			packageProductDependencies = (
			);
			productName = test_app_liveUITests;
			productReference = BE2A212B2CDAE5F100E729E7 /* test_app_liveUITests.xctest */;
			productType = "com.apple.product-type.bundle.ui-testing";
		};
/* End PBXNativeTarget section */

/* Begin PBXProject section */
		BE2A21092CDAE5F000E729E7 /* Project object */ = {
			isa = PBXProject;
			attributes = {
				BuildIndependentTargetsInParallel = 1;
				LastSwiftUpdateCheck = 1610;
				LastUpgradeCheck = 1610;
				TargetAttributes = {
					BE2A21102CDAE5F000E729E7 = {
						CreatedOnToolsVersion = 16.1;
					};
					BE2A21202CDAE5F100E729E7 = {
						CreatedOnToolsVersion = 16.1;
						TestTargetID = BE2A21102CDAE5F000E729E7;
					};
					BE2A212A2CDAE5F100E729E7 = {
						CreatedOnToolsVersion = 16.1;
						TestTargetID = BE2A21102CDAE5F000E729E7;
					};
				};
			};
			buildConfigurationList = BE2A210C2CDAE5F000E729E7 /* Build configuration list for PBXProject "test_app_live" */;
			developmentRegion = en;
			hasScannedForEncodings = 0;
			knownRegions = (
				en,
				Base,
			);
			mainGroup = BE2A21082CDAE5F000E729E7;
			minimizedProjectReferenceProxies = 1;
			preferredProjectObjectVersion = 77;
			productRefGroup = BE2A21122CDAE5F000E729E7 /* Products */;
			projectDirPath = "";
			projectRoot = "";
			targets = (
				BE2A21102CDAE5F000E729E7 /* test_app_live */,
				BE2A21202CDAE5F100E729E7 /* test_app_liveTests */,
				BE2A212A2CDAE5F100E729E7 /* test_app_liveUITests */,
			);
		};
/* End PBXProject section */

/* Begin PBXResourcesBuildPhase section */
		BE2A210F2CDAE5F000E729E7 /* Resources */ = {
			isa = PBXResourcesBuildPhase;
			buildActionMask = 2147483647;
			files = (
			);
			runOnlyForDeploymentPostprocessing = 0;
		};
		BE2A211F2CDAE5F100E729E7 /* Resources */ = {
			isa = PBXResourcesBuildPhase;
			buildActionMask = 2147483647;
			files = (
			);
			runOnlyForDeploymentPostprocessing = 0;
		};
		BE2A21292CDAE5F100E729E7 /* Resources */ = {
			isa = PBXResourcesBuildPhase;
			buildActionMask = 2147483647;
			files = (
			);
			runOnlyForDeploymentPostprocessing = 0;
		};
/* End PBXResourcesBuildPhase section */

/* Begin PBXSourcesBuildPhase section */
		BE2A210D2CDAE5F000E729E7 /* Sources */ = {
			isa = PBXSourcesBuildPhase;
			buildActionMask = 2147483647;
			files = (
			);
			runOnlyForDeploymentPostprocessing = 0;
		};
		BE2A211D2CDAE5F100E729E7 /* Sources */ = {
			isa = PBXSourcesBuildPhase;
			buildActionMask = 2147483647;
			files = (
			);
			runOnlyForDeploymentPostprocessing = 0;
		};
		BE2A21272CDAE5F100E729E7 /* Sources */ = {
			isa = PBXSourcesBuildPhase;
			buildActionMask = 2147483647;
			files = (
			);
			runOnlyForDeploymentPostprocessing = 0;
		};
/* End PBXSourcesBuildPhase section */

/* Begin PBXTargetDependency section */
		BE2A21232CDAE5F100E729E7 /* PBXTargetDependency */ = {
			isa = PBXTargetDependency;
			target = BE2A21102CDAE5F000E729E7 /* test_app_live */;
			targetProxy = BE2A21222CDAE5F100E729E7 /* PBXContainerItemProxy */;
		};
		BE2A212D2CDAE5F100E729E7 /* PBXTargetDependency */ = {
			isa = PBXTargetDependency;
			target = BE2A21102CDAE5F000E729E7 /* test_app_live */;
			targetProxy = BE2A212C2CDAE5F100E729E7 /* PBXContainerItemProxy */;
		};
/* End PBXTargetDependency section */

/* Begin XCBuildConfiguration section */
		BE2A21332CDAE5F100E729E7 /* Debug */ = {
			isa = XCBuildConfiguration;
			buildSettings = {
				ALWAYS_SEARCH_USER_PATHS = NO;
				ASSETCATALOG_COMPILER_GENERATE_SWIFT_ASSET_SYMBOL_EXTENSIONS = YES;
				CLANG_ANALYZER_NONNULL = YES;
				CLANG_ANALYZER_NUMBER_OBJECT_CONVERSION = YES_AGGRESSIVE;
				CLANG_CXX_LANGUAGE_STANDARD = "gnu++20";
				CLANG_ENABLE_MODULES = YES;
				CLANG_ENABLE_OBJC_ARC = YES;
				CLANG_ENABLE_OBJC_WEAK = YES;
				CLANG_WARN_BLOCK_CAPTURE_AUTORELEASING = YES;
				CLANG_WARN_BOOL_CONVERSION = YES;
				CLANG_WARN_COMMA = YES;
				CLANG_WARN_CONSTANT_CONVERSION = YES;
				CLANG_WARN_DEPRECATED_OBJC_IMPLEMENTATIONS = YES;
				CLANG_WARN_DIRECT_OBJC_ISA_USAGE = YES_ERROR;
				CLANG_WARN_DOCUMENTATION_COMMENTS = YES;
				CLANG_WARN_EMPTY_BODY = YES;
				CLANG_WARN_ENUM_CONVERSION = YES;
				CLANG_WARN_INFINITE_RECURSION = YES;
				CLANG_WARN_INT_CONVERSION = YES;
				CLANG_WARN_NON_LITERAL_NULL_CONVERSION = YES;
				CLANG_WARN_OBJC_IMPLICIT_RETAIN_SELF = YES;
				CLANG_WARN_OBJC_LITERAL_CONVERSION = YES;
				CLANG_WARN_OBJC_ROOT_CLASS = YES_ERROR;
				CLANG_WARN_QUOTED_INCLUDE_IN_FRAMEWORK_HEADER = YES;
				CLANG_WARN_RANGE_LOOP_ANALYSIS = YES;
				CLANG_WARN_STRICT_PROTOTYPES = YES;
				CLANG_WARN_SUSPICIOUS_MOVE = YES;
				CLANG_WARN_UNGUARDED_AVAILABILITY = YES_AGGRESSIVE;
				CLANG_WARN_UNREACHABLE_CODE = YES;
				CLANG_WARN__DUPLICATE_METHOD_MATCH = YES;
				COPY_PHASE_STRIP = NO;
				DEBUG_INFORMATION_FORMAT = dwarf;
				ENABLE_STRICT_OBJC_MSGSEND = YES;
				ENABLE_TESTABILITY = YES;
				ENABLE_USER_SCRIPT_SANDBOXING = YES;
				GCC_C_LANGUAGE_STANDARD = gnu17;
				GCC_DYNAMIC_NO_PIC = NO;
				GCC_NO_COMMON_BLOCKS = YES;
				GCC_OPTIMIZATION_LEVEL = 0;
				GCC_PREPROCESSOR_DEFINITIONS = (
					"DEBUG=1",
					"$(inherited)",
				);
				GCC_WARN_64_TO_32_BIT_CONVERSION = YES;
				GCC_WARN_ABOUT_RETURN_TYPE = YES_ERROR;
				GCC_WARN_UNDECLARED_SELECTOR = YES;
				GCC_WARN_UNINITIALIZED_AUTOS = YES_AGGRESSIVE;
				GCC_WARN_UNUSED_FUNCTION = YES;
				GCC_WARN_UNUSED_VARIABLE = YES;
				IPHONEOS_DEPLOYMENT_TARGET = 18.1;
				LOCALIZATION_PREFERS_STRING_CATALOGS = YES;
				MTL_ENABLE_DEBUG_INFO = INCLUDE_SOURCE;
				MTL_FAST_MATH = YES;
				ONLY_ACTIVE_ARCH = YES;
				SDKROOT = iphoneos;
				SWIFT_ACTIVE_COMPILATION_CONDITIONS = "DEBUG $(inherited)";
				SWIFT_OPTIMIZATION_LEVEL = "-Onone";
			};
			name = Debug;
		};
		BE2A21342CDAE5F100E729E7 /* Release */ = {
			isa = XCBuildConfiguration;
			buildSettings = {
				ALWAYS_SEARCH_USER_PATHS = NO;
				ASSETCATALOG_COMPILER_GENERATE_SWIFT_ASSET_SYMBOL_EXTENSIONS = YES;
				CLANG_ANALYZER_NONNULL = YES;
				CLANG_ANALYZER_NUMBER_OBJECT_CONVERSION = YES_AGGRESSIVE;
				CLANG_CXX_LANGUAGE_STANDARD = "gnu++20";
				CLANG_ENABLE_MODULES = YES;
				CLANG_ENABLE_OBJC_ARC = YES;
				CLANG_ENABLE_OBJC_WEAK = YES;
				CLANG_WARN_BLOCK_CAPTURE_AUTORELEASING = YES;
				CLANG_WARN_BOOL_CONVERSION = YES;
				CLANG_WARN_COMMA = YES;
				CLANG_WARN_CONSTANT_CONVERSION = YES;
				CLANG_WARN_DEPRECATED_OBJC_IMPLEMENTATIONS = YES;
				CLANG_WARN_DIRECT_OBJC_ISA_USAGE = YES_ERROR;
				CLANG_WARN_DOCUMENTATION_COMMENTS = YES;
				CLANG_WARN_EMPTY_BODY = YES;
				CLANG_WARN_ENUM_CONVERSION = YES;
				CLANG_WARN_INFINITE_RECURSION = YES;
				CLANG_WARN_INT_CONVERSION = YES;
				CLANG_WARN_NON_LITERAL_NULL_CONVERSION = YES;
				CLANG_WARN_OBJC_IMPLICIT_RETAIN_SELF = YES;
				CLANG_WARN_OBJC_LITERAL_CONVERSION = YES;
				CLANG_WARN_OBJC_ROOT_CLASS = YES_ERROR;
				CLANG_WARN_QUOTED_INCLUDE_IN_FRAMEWORK_HEADER = YES;
				CLANG_WARN_RANGE_LOOP_ANALYSIS = YES;
				CLANG_WARN_STRICT_PROTOTYPES = YES;
				CLANG_WARN_SUSPICIOUS_MOVE = YES;
				CLANG_WARN_UNGUARDED_AVAILABILITY = YES_AGGRESSIVE;
				CLANG_WARN_UNREACHABLE_CODE = YES;
				CLANG_WARN__DUPLICATE_METHOD_MATCH = YES;
				COPY_PHASE_STRIP = NO;
				DEBUG_INFORMATION_FORMAT = "dwarf-with-dsym";
				ENABLE_NS_ASSERTIONS = NO;
				ENABLE_STRICT_OBJC_MSGSEND = YES;
				ENABLE_USER_SCRIPT_SANDBOXING = YES;
				GCC_C_LANGUAGE_STANDARD = gnu17;
				GCC_NO_COMMON_BLOCKS = YES;
				GCC_WARN_64_TO_32_BIT_CONVERSION = YES;
				GCC_WARN_ABOUT_RETURN_TYPE = YES_ERROR;
				GCC_WARN_UNDECLARED_SELECTOR = YES;
				GCC_WARN_UNINITIALIZED_AUTOS = YES_AGGRESSIVE;
				GCC_WARN_UNUSED_FUNCTION = YES;
				GCC_WARN_UNUSED_VARIABLE = YES;
				IPHONEOS_DEPLOYMENT_TARGET = 18.1;
				LOCALIZATION_PREFERS_STRING_CATALOGS = YES;
				MTL_ENABLE_DEBUG_INFO = NO;
				MTL_FAST_MATH = YES;
				SDKROOT = iphoneos;
				SWIFT_COMPILATION_MODE = wholemodule;
				VALIDATE_PRODUCT = YES;
			};
			name = Release;
		};
		BE2A21362CDAE5F100E729E7 /* Debug */ = {
			isa = XCBuildConfiguration;
			buildSettings = {
				ASSETCATALOG_COMPILER_APPICON_NAME = AppIcon;
				ASSETCATALOG_COMPILER_GLOBAL_ACCENT_COLOR_NAME = AccentColor;
				CODE_SIGN_STYLE = Automatic;
				CURRENT_PROJECT_VERSION = 1;
				DEVELOPMENT_ASSET_PATHS = "\"test_app_live/Preview Content\"";
				DEVELOPMENT_TEAM = 66Y7PNN278;
				ENABLE_PREVIEWS = YES;
				GENERATE_INFOPLIST_FILE = YES;
				INFOPLIST_KEY_UIApplicationSceneManifest_Generation = YES;
				INFOPLIST_KEY_UIApplicationSupportsIndirectInputEvents = YES;
				INFOPLIST_KEY_UILaunchScreen_Generation = YES;
				INFOPLIST_KEY_UISupportedInterfaceOrientations_iPad = "UIInterfaceOrientationPortrait UIInterfaceOrientationPortraitUpsideDown UIInterfaceOrientationLandscapeLeft UIInterfaceOrientationLandscapeRight";
				INFOPLIST_KEY_UISupportedInterfaceOrientations_iPhone = "UIInterfaceOrientationPortrait UIInterfaceOrientationLandscapeLeft UIInterfaceOrientationLandscapeRight";
				LD_RUNPATH_SEARCH_PATHS = (
					"$(inherited)",
					"@executable_path/Frameworks",
				);
				MARKETING_VERSION = 1.0;
				PRODUCT_BUNDLE_IDENTIFIER = "com.itesm.test-app-live";
				PRODUCT_NAME = "$(TARGET_NAME)";
				SWIFT_EMIT_LOC_STRINGS = YES;
				SWIFT_VERSION = 5.0;
				TARGETED_DEVICE_FAMILY = "1,2";
			};
			name = Debug;
		};
		BE2A21372CDAE5F100E729E7 /* Release */ = {
			isa = XCBuildConfiguration;
			buildSettings = {
				ASSETCATALOG_COMPILER_APPICON_NAME = AppIcon;
				ASSETCATALOG_COMPILER_GLOBAL_ACCENT_COLOR_NAME = AccentColor;
				CODE_SIGN_STYLE = Automatic;
				CURRENT_PROJECT_VERSION = 1;
				DEVELOPMENT_ASSET_PATHS = "\"test_app_live/Preview Content\"";
				DEVELOPMENT_TEAM = 66Y7PNN278;
				ENABLE_PREVIEWS = YES;
				GENERATE_INFOPLIST_FILE = YES;
				INFOPLIST_KEY_UIApplicationSceneManifest_Generation = YES;
				INFOPLIST_KEY_UIApplicationSupportsIndirectInputEvents = YES;
				INFOPLIST_KEY_UILaunchScreen_Generation = YES;
				INFOPLIST_KEY_UISupportedInterfaceOrientations_iPad = "UIInterfaceOrientationPortrait UIInterfaceOrientationPortraitUpsideDown UIInterfaceOrientationLandscapeLeft UIInterfaceOrientationLandscapeRight";
				INFOPLIST_KEY_UISupportedInterfaceOrientations_iPhone = "UIInterfaceOrientationPortrait UIInterfaceOrientationLandscapeLeft UIInterfaceOrientationLandscapeRight";
				LD_RUNPATH_SEARCH_PATHS = (
					"$(inherited)",
					"@executable_path/Frameworks",
				);
				MARKETING_VERSION = 1.0;
				PRODUCT_BUNDLE_IDENTIFIER = "com.itesm.test-app-live";
				PRODUCT_NAME = "$(TARGET_NAME)";
				SWIFT_EMIT_LOC_STRINGS = YES;
				SWIFT_VERSION = 5.0;
				TARGETED_DEVICE_FAMILY = "1,2";
			};
			name = Release;
		};
		BE2A21392CDAE5F100E729E7 /* Debug */ = {
			isa = XCBuildConfiguration;
			buildSettings = {
				BUNDLE_LOADER = "$(TEST_HOST)";
				CODE_SIGN_STYLE = Automatic;
				CURRENT_PROJECT_VERSION = 1;
				DEVELOPMENT_TEAM = 66Y7PNN278;
				GENERATE_INFOPLIST_FILE = YES;
				IPHONEOS_DEPLOYMENT_TARGET = 18.1;
				MARKETING_VERSION = 1.0;
				PRODUCT_BUNDLE_IDENTIFIER = "com.itesm.test-app-liveTests";
				PRODUCT_NAME = "$(TARGET_NAME)";
				SWIFT_EMIT_LOC_STRINGS = NO;
				SWIFT_VERSION = 5.0;
				TARGETED_DEVICE_FAMILY = "1,2";
				TEST_HOST = "$(BUILT_PRODUCTS_DIR)/test_app_live.app/$(BUNDLE_EXECUTABLE_FOLDER_PATH)/test_app_live";
			};
			name = Debug;
		};
		BE2A213A2CDAE5F100E729E7 /* Release */ = {
			isa = XCBuildConfiguration;
			buildSettings = {
				BUNDLE_LOADER = "$(TEST_HOST)";
				CODE_SIGN_STYLE = Automatic;
				CURRENT_PROJECT_VERSION = 1;
				DEVELOPMENT_TEAM = 66Y7PNN278;
				GENERATE_INFOPLIST_FILE = YES;
				IPHONEOS_DEPLOYMENT_TARGET = 18.1;
				MARKETING_VERSION = 1.0;
				PRODUCT_BUNDLE_IDENTIFIER = "com.itesm.test-app-liveTests";
				PRODUCT_NAME = "$(TARGET_NAME)";
				SWIFT_EMIT_LOC_STRINGS = NO;
				SWIFT_VERSION = 5.0;
				TARGETED_DEVICE_FAMILY = "1,2";
				TEST_HOST = "$(BUILT_PRODUCTS_DIR)/test_app_live.app/$(BUNDLE_EXECUTABLE_FOLDER_PATH)/test_app_live";
			};
			name = Release;
		};
		BE2A213C2CDAE5F100E729E7 /* Debug */ = {
			isa = XCBuildConfiguration;
			buildSettings = {
				CODE_SIGN_STYLE = Automatic;
				CURRENT_PROJECT_VERSION = 1;
				DEVELOPMENT_TEAM = 66Y7PNN278;
				GENERATE_INFOPLIST_FILE = YES;
				MARKETING_VERSION = 1.0;
				PRODUCT_BUNDLE_IDENTIFIER = "com.itesm.test-app-liveUITests";
				PRODUCT_NAME = "$(TARGET_NAME)";
				SWIFT_EMIT_LOC_STRINGS = NO;
				SWIFT_VERSION = 5.0;
				TARGETED_DEVICE_FAMILY = "1,2";
				TEST_TARGET_NAME = test_app_live;
			};
			name = Debug;
		};
		BE2A213D2CDAE5F100E729E7 /* Release */ = {
			isa = XCBuildConfiguration;
			buildSettings = {
				CODE_SIGN_STYLE = Automatic;
				CURRENT_PROJECT_VERSION = 1;
				DEVELOPMENT_TEAM = 66Y7PNN278;
				GENERATE_INFOPLIST_FILE = YES;
				MARKETING_VERSION = 1.0;
				PRODUCT_BUNDLE_IDENTIFIER = "com.itesm.test-app-liveUITests";
				PRODUCT_NAME = "$(TARGET_NAME)";
				SWIFT_EMIT_LOC_STRINGS = NO;
				SWIFT_VERSION = 5.0;
				TARGETED_DEVICE_FAMILY = "1,2";
				TEST_TARGET_NAME = test_app_live;
			};
			name = Release;
		};
/* End XCBuildConfiguration section */

/* Begin XCConfigurationList section */
		BE2A210C2CDAE5F000E729E7 /* Build configuration list for PBXProject "test_app_live" */ = {
			isa = XCConfigurationList;
			buildConfigurations = (
				BE2A21332CDAE5F100E729E7 /* Debug */,
				BE2A21342CDAE5F100E729E7 /* Release */,
			);
			defaultConfigurationIsVisible = 0;
			defaultConfigurationName = Release;
		};
		BE2A21352CDAE5F100E729E7 /* Build configuration list for PBXNativeTarget "test_app_live" */ = {
			isa = XCConfigurationList;
			buildConfigurations = (
				BE2A21362CDAE5F100E729E7 /* Debug */,
				BE2A21372CDAE5F100E729E7 /* Release */,
			);
			defaultConfigurationIsVisible = 0;
			defaultConfigurationName = Release;
		};
		BE2A21382CDAE5F100E729E7 /* Build configuration list for PBXNativeTarget "test_app_liveTests" */ = {
			isa = XCConfigurationList;
			buildConfigurations = (
				BE2A21392CDAE5F100E729E7 /* Debug */,
				BE2A213A2CDAE5F100E729E7 /* Release */,
			);
			defaultConfigurationIsVisible = 0;
			defaultConfigurationName = Release;
		};
		BE2A213B2CDAE5F100E729E7 /* Build configuration list for PBXNativeTarget "test_app_liveUITests" */ = {
			isa = XCConfigurationList;
			buildConfigurations = (
				BE2A213C2CDAE5F100E729E7 /* Debug */,
				BE2A213D2CDAE5F100E729E7 /* Release */,
			);
			defaultConfigurationIsVisible = 0;
			defaultConfigurationName = Release;
		};
/* End XCConfigurationList section */
	};
	rootObject = BE2A21092CDAE5F000E729E7 /* Project object */;
}
